
Microsoft Visual Studio Solution File, Format Version 12.00
# Visual Studio Version 17
VisualStudioVersion = 17.6.33801.468
MinimumVisualStudioVersion = 10.0.40219.1
Project("{FAE04EC0-301F-11D3-BF4B-00C04F79EFBC}") = "AudioMerger - Backend", "AudioMerger - Backend\AudioMerger - Backend.csproj", "{1C270482-C9A5-4423-AC53-88755021BBF9}"
EndProject
Global
	GlobalSection(SolutionConfigurationPlatforms) = preSolution
		Debug|Any CPU = Debug|Any CPU
		Release|Any CPU = Release|Any CPU
	EndGlobalSection
	GlobalSection(ProjectConfigurationPlatforms) = postSolution
		{1C270482-C9A5-4423-AC53-88755021BBF9}.Debug|Any CPU.ActiveCfg = Debug|Any CPU
		{1C270482-C9A5-4423-AC53-88755021BBF9}.Debug|Any CPU.Build.0 = Debug|Any CPU
		{1C270482-C9A5-4423-AC53-88755021BBF9}.Release|Any CPU.ActiveCfg = Release|Any CPU
		{1C270482-C9A5-4423-AC53-88755021BBF9}.Release|Any CPU.Build.0 = Release|Any CPU
	EndGlobalSection
	GlobalSection(SolutionProperties) = preSolution
		HideSolutionNode = FALSE
	EndGlobalSection
	GlobalSection(ExtensibilityGlobals) = postSolution
		SolutionGuid = {2ECE22B1-74F8-41E0-9F7D-8C1015F7CAC5}
	EndGlobalSection
EndGlobal
